
Microsoft Visual Studio Solution File, Format Version 12.00
# Visual Studio Version 16
VisualStudioVersion = 16.0.36324.18
MinimumVisualStudioVersion = 10.0.40219.1
Project("{FAE04EC0-301F-11D3-BF4B-00C04F79EFBC}") = "OffTheGrit1", "OffTheGrit1.csproj", "{BD6490E4-7EDC-4B12-A34E-CBF91905A26C}"
EndProject
Global
	GlobalSection(SolutionConfigurationPlatforms) = preSolution
		Debug|Any CPU = Debug|Any CPU
		Release|Any CPU = Release|Any CPU
	EndGlobalSection
	GlobalSection(ProjectConfigurationPlatforms) = postSolution
		{BD6490E4-7EDC-4B12-A34E-CBF91905A26C}.Debug|Any CPU.ActiveCfg = Debug|Any CPU
		{BD6490E4-7EDC-4B12-A34E-CBF91905A26C}.Debug|Any CPU.Build.0 = Debug|Any CPU
		{BD6490E4-7EDC-4B12-A34E-CBF91905A26C}.Release|Any CPU.ActiveCfg = Release|Any CPU
		{BD6490E4-7EDC-4B12-A34E-CBF91905A26C}.Release|Any CPU.Build.0 = Release|Any CPU
	EndGlobalSection
	GlobalSection(SolutionProperties) = preSolution
		HideSolutionNode = FALSE
	EndGlobalSection
	GlobalSection(ExtensibilityGlobals) = postSolution
		SolutionGuid = {B5C28275-4216-4365-B1BB-31F431A10169}
	EndGlobalSection
EndGlobal
